github.com/armon/go-radix v1.0.0 h1:F4z6KzEeeQIMeLFa97iZU6vupzoecKdU5TX24SNppXI=
github.com/armon/go-radix v1.0.0/go.mod h1:ufUuZ+zHj4x4TnLV4JWEpy2hxWSpsRywHrMgIH9cCH8=
github.com/davecgh/go-spew v1.1.1 h1:vj9j/u1bqnvCEfJOwUhtlOARqs3+rkHYY13jYWTU97c=
github.com/davecgh/go-spew v1.1.1/go.mod h1:J7Y8YcW2NihsgmVo/mv3lAwl/skON4iLHjSsI+c5H38=
github.com/flectolab/flecto-manager/common v0.0.0-20260104170719-5bd6b786098d h1:GsRUKzvRz7njR2oEKnQhB0OLP/zAGa5jUBthEwSFFuM=
github.com/flectolab/flecto-manager/common v0.0.0-20260104170719-5bd6b786098d/go.mod h1:PaM+Q7vqi9F4eHF2xNLEc+TVE/Af8lgn3caDFGZcF64=
github.com/flectolab/flecto-manager/common v0.0.0-20260124161018-8c903109f946 h1:XGcYSaVHaKapk6ChoMIxo1D3Gmc2raI0Ca0TTRRy//A=
github.com/flectolab/flecto-manager/common v0.0.0-20260124161018-8c903109f946/go.mod h1:PaM+Q7vqi9F4eHF2xNLEc+TVE/Af8lgn3caDFGZcF64=
github.com/flectolab/flecto-manager/common v0.0.1 h1:2os9S+J5KormT2h4+UE37pQ4UM474JJdvSfx2Rqc2GU=
github.com/flectolab/flecto-manager/common v0.0.1/go.mod h1:PaM+Q7vqi9F4eHF2xNLEc+TVE/Af8lgn3caDFGZcF64=
github.com/flectolab/go-client v0.0.0-20260104173345-376281d592e4 h1:8JPEZYmdLMh6p5Lq3fnCRJ5AhmQziRVkFLmZSXrYlUU=
github.com/flectolab/go-client v0.0.0-20260104173345-376281d592e4/go.mod h1:m4k/sMtOa8ekHKbpMG+ZB77r0dvc3bfdmPQD21ioB/c=
github.com/flectolab/go-client v0.0.0-20260104174351-f3b4be4ca3e2 h1:1BIEyILZP7hedSOkHyTpf/I5/2Tw2OdhucwRSZ5cSsc=
github.com/flectolab/go-client v0.0.0-20260104174351-f3b4be4ca3e2/go.mod h1:m4k/sMtOa8ekHKbpMG+ZB77r0dvc3bfdmPQD21ioB/c=
github.com/flectolab/go-client v0.0.0-20260104175951-e023fd05b5c5 h1:dSqiFMDQU9L7swCTNtbsTxOYt6ypWQJxpZ5uKLuw/mE=
github.com/flectolab/go-client v0.0.0-20260104175951-e023fd05b5c5/go.mod h1:m4k/sMtOa8ekHKbpMG+ZB77r0dvc3bfdmPQD21ioB/c=
github.com/flectolab/go-client v0.0.0-20260105071952-014bed696998 h1:4O3XdCOA3Cu8Xuv2AMukjTa1c59Rp/VQHJCMNcIYUKw=
github.com/flectolab/go-client v0.0.0-20260105071952-014bed696998/go.mod h1:m4k/sMtOa8ekHKbpMG+ZB77r0dvc3bfdmPQD21ioB/c=
github.com/flectolab/go-client v0.0.0-20260105072114-ecdffdae134d h1:YxsZcO5MP4edyanpe6I2l/i+Scp+bDe7KjHd6EzFH4Y=
github.com/flectolab/go-client v0.0.0-20260105072114-ecdffdae134d/go.mod h1:m4k/sMtOa8ekHKbpMG+ZB77r0dvc3bfdmPQD21ioB/c=
github.com/flectolab/go-client v0.0.0-20260105072256-c70a3d9e7e79 h1:nXfowMeNgRXzA4EKwF9xweySYN5YLZRK+d0utzcvVtw=
github.com/flectolab/go-client v0.0.0-20260105072256-c70a3d9e7e79/go.mod h1:m4k/sMtOa8ekHKbpMG+ZB77r0dvc3bfdmPQD21ioB/c=
github.com/flectolab/go-client v0.0.0-20260111153001-3f9bbf7e8273 h1:avpw6B8IXFDAlKFGjkV89z1ExfhrfSXbAfabCOsgYjw=
github.com/flectolab/go-client v0.0.0-20260111153001-3f9bbf7e8273/go.mod h1:m4k/sMtOa8ekHKbpMG+ZB77r0dvc3bfdmPQD21ioB/c=
github.com/flectolab/go-client v0.0.0-20260124162822-336338222ccc h1:PujH/Q1zQ1l4KAe0i55lBHte9U0WsT90qJJ1obX9PqE=
github.com/flectolab/go-client v0.0.0-20260124162822-336338222ccc/go.mod h1:TDsJ5aY5FK9INbixMXXo8by0pFUlBs1w+LNK5AcngH0=
github.com/flectolab/go-client v0.0.1 h1:1clQblnk8HiJVvBtdgXuv8ka+OWR7RtkV1jIjL48hPc=
github.com/flectolab/go-client v0.0.1/go.mod h1:Teolv4vJQZwPJCWAr//nRLJxjhASmDE2e0iVxy6TNIY=
github.com/jonboulle/clockwork v0.4.0 h1:p4Cf1aMWXnXAUh8lVfewRBx1zaTSYKrKMF2g3ST4RZ4=
github.com/jonboulle/clockwork v0.4.0/go.mod h1:xgRqUGwRcjKCO1vbZUEtSLrqKoPSsUpK7fnezOII0kc=
github.com/jonboulle/clockwork v0.5.0 h1:Hyh9A8u51kptdkR+cqRpT1EebBwTn1oK9YfGYbdFz6I=
github.com/jonboulle/clockwork v0.5.0/go.mod h1:3mZlmanh0g2NDKO5TWZVJAfofYk64M7XN3SzBPjZF60=
github.com/pmezard/go-difflib v1.0.0 h1:4DBwDE0NGyQoBHbLQYPwSUPoCMWR5BEzIk/f1lZbAQM=
github.com/pmezard/go-difflib v1.0.0/go.mod h1:iKH77koFhYxTK1pcRnkKkqfTogsbg7gZNVY4sRDYZ/4=
github.com/stretchr/testify v1.11.1 h1:7s2iGBzp5EwR7/aIZr8ao5+dra3wiQyKjjFuvgVKu7U=
github.com/stretchr/testify v1.11.1/go.mod h1:wZwfW3scLgRK+23gO65QZefKpKQRnfz6sD981Nm4B6U=
go.uber.org/mock v0.6.0 h1:hyF9dfmbgIX5EfOdasqLsWD6xqpNZlXblLB/Dbnwv3Y=
go.uber.org/mock v0.6.0/go.mod h1:KiVJ4BqZJaMj4svdfmHM0AUx4NJYO8ZNpPnZn1Z+BBU=
gopkg.in/check.v1 v0.0.0-20161208181325-20d25e280405 h1:yhCVgyC4o1eVCa2tZl7eS0r+SDo693bJlVdllGtEeKM=
gopkg.in/check.v1 v0.0.0-20161208181325-20d25e280405/go.mod h1:Co6ibVJAznAaIkqp8huTwlJQCZ016jof/cbN4VW5Yz0=
gopkg.in/yaml.v3 v3.0.1 h1:fxVm/GzAzEWqLHuvctI91KS9hhNmmWOoWu0XTYJS7CA=
gopkg.in/yaml.v3 v3.0.1/go.mod h1:K4uyk7z7BCEPqu6E+C64Yfv1cQ7kz7rIZviUmN+EgEM=
